
Microsoft Visual Studio Solution File, Format Version 12.00
# Visual Studio Version 16
VisualStudioVersion = 16.0.31321.278
MinimumVisualStudioVersion = 10.0.40219.1
Project("{FAE04EC0-301F-11D3-BF4B-00C04F79EFBC}") = "DataStructureProblem", "DataStructureProblem\DataStructureProblem.csproj", "{DB4B45C1-CA2A-43EA-892A-A0323409A034}"
EndProject
Global
	GlobalSection(SolutionConfigurationPlatforms) = preSolution
		Debug|Any CPU = Debug|Any CPU
		Release|Any CPU = Release|Any CPU
	EndGlobalSection
	GlobalSection(ProjectConfigurationPlatforms) = postSolution
		{DB4B45C1-CA2A-43EA-892A-A0323409A034}.Debug|Any CPU.ActiveCfg = Debug|Any CPU
		{DB4B45C1-CA2A-43EA-892A-A0323409A034}.Debug|Any CPU.Build.0 = Debug|Any CPU
		{DB4B45C1-CA2A-43EA-892A-A0323409A034}.Release|Any CPU.ActiveCfg = Release|Any CPU
		{DB4B45C1-CA2A-43EA-892A-A0323409A034}.Release|Any CPU.Build.0 = Release|Any CPU
	EndGlobalSection
	GlobalSection(SolutionProperties) = preSolution
		HideSolutionNode = FALSE
	EndGlobalSection
	GlobalSection(ExtensibilityGlobals) = postSolution
		SolutionGuid = {F6817A55-15A6-4CDA-8C57-77F3ACDDCA40}
	EndGlobalSection
EndGlobal
